<?xml version="1.0" encoding="UTF-8" standalone="yes" ?>
<CodeBlocks_project_file>
   <FileVersion major="1" minor="6" />
   <Project>
      <Option title="RM2018_Adv" />
      <Option makefile_is_custom="1" />
      <Option compiler="gcc" />
      <Option virtualFolders="CMake Files\;CMake Files\..\;CMake Files\..\..\;CMake Files\..\..\..\;CMake Files\..\..\..\usr\;CMake Files\..\..\..\usr\share\;CMake Files\..\..\..\usr\share\OpenCV\;" />
      <Build>
      <Target title="all">
         <Option working_dir="/home/nvidia/RM2018_Adv" />
         <Option type="4" />
         <MakeCommands>
            <Build command="/usr/bin/make -f &quot;/home/nvidia/RM2018_Adv/Makefile&quot;  VERBOSE=1 all" />
            <CompileFile command="/usr/bin/make -f &quot;/home/nvidia/RM2018_Adv/Makefile&quot;  VERBOSE=1 &quot;$file&quot;" />
            <Clean command="/usr/bin/make -f &quot;/home/nvidia/RM2018_Adv/Makefile&quot;  VERBOSE=1 clean" />
            <DistClean command="/usr/bin/make -f &quot;/home/nvidia/RM2018_Adv/Makefile&quot;  VERBOSE=1 clean" />
         </MakeCommands>
      </Target>
      <Target title="edit_cache">
         <Option working_dir="/home/nvidia/RM2018_Adv" />
         <Option type="4" />
         <MakeCommands>
            <Build command="/usr/bin/make -f &quot;/home/nvidia/RM2018_Adv/Makefile&quot;  VERBOSE=1 edit_cache" />
            <CompileFile command="/usr/bin/make -f &quot;/home/nvidia/RM2018_Adv/Makefile&quot;  VERBOSE=1 &quot;$file&quot;" />
            <Clean command="/usr/bin/make -f &quot;/home/nvidia/RM2018_Adv/Makefile&quot;  VERBOSE=1 clean" />
            <DistClean command="/usr/bin/make -f &quot;/home/nvidia/RM2018_Adv/Makefile&quot;  VERBOSE=1 clean" />
         </MakeCommands>
      </Target>
      <Target title="rebuild_cache">
         <Option working_dir="/home/nvidia/RM2018_Adv" />
         <Option type="4" />
         <MakeCommands>
            <Build command="/usr/bin/make -f &quot;/home/nvidia/RM2018_Adv/Makefile&quot;  VERBOSE=1 rebuild_cache" />
            <CompileFile command="/usr/bin/make -f &quot;/home/nvidia/RM2018_Adv/Makefile&quot;  VERBOSE=1 &quot;$file&quot;" />
            <Clean command="/usr/bin/make -f &quot;/home/nvidia/RM2018_Adv/Makefile&quot;  VERBOSE=1 clean" />
            <DistClean command="/usr/bin/make -f &quot;/home/nvidia/RM2018_Adv/Makefile&quot;  VERBOSE=1 clean" />
         </MakeCommands>
      </Target>
      <Target title="RM2018_Adv">
         <Option output="/home/nvidia/RM2018_Adv/RM2018_Adv" prefix_auto="0" extension_auto="0" />
         <Option working_dir="/home/nvidia/RM2018_Adv" />
         <Option object_output="./" />
         <Option type="1" />
         <Option compiler="gcc" />
         <Compiler>
            <Add directory="/usr/include/opencv" />
         </Compiler>
         <MakeCommands>
            <Build command="/usr/bin/make -f &quot;/home/nvidia/RM2018_Adv/Makefile&quot;  VERBOSE=1 RM2018_Adv" />
            <CompileFile command="/usr/bin/make -f &quot;/home/nvidia/RM2018_Adv/Makefile&quot;  VERBOSE=1 &quot;$file&quot;" />
            <Clean command="/usr/bin/make -f &quot;/home/nvidia/RM2018_Adv/Makefile&quot;  VERBOSE=1 clean" />
            <DistClean command="/usr/bin/make -f &quot;/home/nvidia/RM2018_Adv/Makefile&quot;  VERBOSE=1 clean" />
         </MakeCommands>
      </Target>
      <Target title="RM2018_Adv/fast">
         <Option output="/home/nvidia/RM2018_Adv/RM2018_Adv" prefix_auto="0" extension_auto="0" />
         <Option working_dir="/home/nvidia/RM2018_Adv" />
         <Option object_output="./" />
         <Option type="1" />
         <Option compiler="gcc" />
         <Compiler>
            <Add directory="/usr/include/opencv" />
         </Compiler>
         <MakeCommands>
            <Build command="/usr/bin/make -f &quot;/home/nvidia/RM2018_Adv/Makefile&quot;  VERBOSE=1 RM2018_Adv/fast" />
            <CompileFile command="/usr/bin/make -f &quot;/home/nvidia/RM2018_Adv/Makefile&quot;  VERBOSE=1 &quot;$file&quot;" />
            <Clean command="/usr/bin/make -f &quot;/home/nvidia/RM2018_Adv/Makefile&quot;  VERBOSE=1 clean" />
            <DistClean command="/usr/bin/make -f &quot;/home/nvidia/RM2018_Adv/Makefile&quot;  VERBOSE=1 clean" />
         </MakeCommands>
      </Target>
      </Build>
      <Unit filename="/home/nvidia/RM2018_Adv/KMSolver.hpp">
         <Option target="RM2018_Adv"/>
      </Unit>
      <Unit filename="/home/nvidia/RM2018_Adv/RMVideoCapture.cpp">
         <Option target="RM2018_Adv"/>
      </Unit>
      <Unit filename="/home/nvidia/RM2018_Adv/RMVideoCapture.hpp">
         <Option target="RM2018_Adv"/>
      </Unit>
      <Unit filename="/home/nvidia/RM2018_Adv/armorDetector.hpp">
         <Option target="RM2018_Adv"/>
      </Unit>
      <Unit filename="/home/nvidia/RM2018_Adv/armorHiter.hpp">
         <Option target="RM2018_Adv"/>
      </Unit>
      <Unit filename="/home/nvidia/RM2018_Adv/armorTracker.hpp">
         <Option target="RM2018_Adv"/>
      </Unit>
      <Unit filename="/home/nvidia/RM2018_Adv/autoTracker.hpp">
         <Option target="RM2018_Adv"/>
      </Unit>
      <Unit filename="/home/nvidia/RM2018_Adv/autolead.hpp">
         <Option target="RM2018_Adv"/>
      </Unit>
      <Unit filename="/home/nvidia/RM2018_Adv/camview.hpp">
         <Option target="RM2018_Adv"/>
      </Unit>
      <Unit filename="/home/nvidia/RM2018_Adv/configurations.hpp">
         <Option target="RM2018_Adv"/>
      </Unit>
      <Unit filename="/home/nvidia/RM2018_Adv/custom_definations.hpp">
         <Option target="RM2018_Adv"/>
      </Unit>
      <Unit filename="/home/nvidia/RM2018_Adv/dnnManager.hpp">
         <Option target="RM2018_Adv"/>
      </Unit>
      <Unit filename="/home/nvidia/RM2018_Adv/dsfHiter.hpp">
         <Option target="RM2018_Adv"/>
      </Unit>
      <Unit filename="/home/nvidia/RM2018_Adv/main.cpp">
         <Option target="RM2018_Adv"/>
      </Unit>
      <Unit filename="/home/nvidia/RM2018_Adv/predictor.hpp">
         <Option target="RM2018_Adv"/>
      </Unit>
      <Unit filename="/home/nvidia/RM2018_Adv/serial.hpp">
         <Option target="RM2018_Adv"/>
      </Unit>
      <Unit filename="/home/nvidia/RM2018_Adv/trackerMedianFlow.hpp">
         <Option target="RM2018_Adv"/>
      </Unit>
      <Unit filename="/home/nvidia/RM2018_Adv/util.hpp">
         <Option target="RM2018_Adv"/>
      </Unit>
      <Unit filename="/home/nvidia/RM2018_Adv/CMakeLists.txt">
          <Option virtualFolder="CMake Files\" />
      </Unit>
      <Unit filename="/home/nvidia/RM2018_Adv/../../../usr/share/OpenCV/OpenCVConfig-version.cmake">
          <Option virtualFolder="CMake Files\..\..\..\usr\share\OpenCV\" />
      </Unit>
      <Unit filename="/home/nvidia/RM2018_Adv/../../../usr/share/OpenCV/OpenCVConfig.cmake">
          <Option virtualFolder="CMake Files\..\..\..\usr\share\OpenCV\" />
      </Unit>
      <Unit filename="/home/nvidia/RM2018_Adv/../../../usr/share/OpenCV/OpenCVModules.cmake">
          <Option virtualFolder="CMake Files\..\..\..\usr\share\OpenCV\" />
      </Unit>
      <Unit filename="/home/nvidia/RM2018_Adv/../../../usr/share/OpenCV/OpenCVModules-release.cmake">
          <Option virtualFolder="CMake Files\..\..\..\usr\share\OpenCV\" />
      </Unit>
   </Project>
</CodeBlocks_project_file>
